
Microsoft Visual Studio Solution File, Format Version 12.00
# Visual Studio Version 17
VisualStudioVersion = 17.3.32819.101
MinimumVisualStudioVersion = 10.0.40219.1
Project("{FAE04EC0-301F-11D3-BF4B-00C04F79EFBC}") = "Sistema", "Sistema\Sistema.csproj", "{CF6382B5-5331-445E-B770-27521966CD3B}"
EndProject
Global
	GlobalSection(SolutionConfigurationPlatforms) = preSolution
		Debug|Any CPU = Debug|Any CPU
		Release|Any CPU = Release|Any CPU
	EndGlobalSection
	GlobalSection(ProjectConfigurationPlatforms) = postSolution
		{CF6382B5-5331-445E-B770-27521966CD3B}.Debug|Any CPU.ActiveCfg = Debug|Any CPU
		{CF6382B5-5331-445E-B770-27521966CD3B}.Debug|Any CPU.Build.0 = Debug|Any CPU
		{CF6382B5-5331-445E-B770-27521966CD3B}.Release|Any CPU.ActiveCfg = Release|Any CPU
		{CF6382B5-5331-445E-B770-27521966CD3B}.Release|Any CPU.Build.0 = Release|Any CPU
	EndGlobalSection
	GlobalSection(SolutionProperties) = preSolution
		HideSolutionNode = FALSE
	EndGlobalSection
	GlobalSection(ExtensibilityGlobals) = postSolution
		SolutionGuid = {A3E4D3B0-11B7-4E8A-81B5-BE547F4C300A}
	EndGlobalSection
EndGlobal
